
Microsoft Visual Studio Solution File, Format Version 12.00
# Visual Studio Version 17
VisualStudioVersion = 17.4.33213.308
MinimumVisualStudioVersion = 10.0.40219.1
Project("{FAE04EC0-301F-11D3-BF4B-00C04F79EFBC}") = "JobApplicationsTracker", "JobApplicationsTracker\JobApplicationsTracker.csproj", "{DACDBDDB-3830-4D46-93A8-C43BBDC270CB}"
EndProject
Project("{2150E333-8FDC-42A3-9474-1A3956D46DE8}") = "Utilities", "Utilities", "{37FC90A1-CD30-42FC-8272-A6833EB79F90}"
	ProjectSection(SolutionItems) = preProject
		C:\Users\ryan\Downloads\download.jfif = C:\Users\ryan\Downloads\download.jfif
	EndProjectSection
EndProject
Global
	GlobalSection(SolutionConfigurationPlatforms) = preSolution
		Debug|Any CPU = Debug|Any CPU
		Release|Any CPU = Release|Any CPU
	EndGlobalSection
	GlobalSection(ProjectConfigurationPlatforms) = postSolution
		{DACDBDDB-3830-4D46-93A8-C43BBDC270CB}.Debug|Any CPU.ActiveCfg = Debug|Any CPU
		{DACDBDDB-3830-4D46-93A8-C43BBDC270CB}.Debug|Any CPU.Build.0 = Debug|Any CPU
		{DACDBDDB-3830-4D46-93A8-C43BBDC270CB}.Release|Any CPU.ActiveCfg = Release|Any CPU
		{DACDBDDB-3830-4D46-93A8-C43BBDC270CB}.Release|Any CPU.Build.0 = Release|Any CPU
	EndGlobalSection
	GlobalSection(SolutionProperties) = preSolution
		HideSolutionNode = FALSE
	EndGlobalSection
	GlobalSection(ExtensibilityGlobals) = postSolution
		SolutionGuid = {54460C5C-C050-4D97-AA1B-D204C24CC023}
	EndGlobalSection
EndGlobal
